PODS:
  - Alamofire (4.9.1)
  - FontAwesome.swift (1.8.3)
  - Kingfisher (5.12.0):
    - Kingfisher/Core (= 5.12.0)
  - Kingfisher/Core (5.12.0)

DEPENDENCIES:
  - Alamofire
  - FontAwesome.swift
  - Kingfisher

SPEC REPOS:
  trunk:
    - Alamofire
    - FontAwesome.swift
    - Kingfisher

SPEC CHECKSUMS:
  Alamofire: 85e8a02c69d6020a0d734f6054870d7ecb75cf18
  FontAwesome.swift: 2a3235131a6caffc6b2ccba318e94d793b2fd342
  Kingfisher: dc6e0f53bb5b12c3e75bedb0e01bbd7a640eea69

PODFILE CHECKSUM: e648adbe6f4905ccbb527c8ac9517d9ebf0dddfe

COCOAPODS: 1.8.4
