// !$*UTF8*$!
{
	archiveVersion = 1;
	classes = {
	};
	objectVersion = 51;
	objects = {

/* Begin PBXBuildFile section */
		02041EE723C78FA000833B40 /* GameDetailTableViewController.swift in Sources */ = {isa = PBXBuildFile; fileRef = 02041EE623C78FA000833B40 /* GameDetailTableViewController.swift */; };
		02041EED23C7901D00833B40 /* GenreFilter.storyboard in Resources */ = {isa = PBXBuildFile; fileRef = 02041EEC23C7901D00833B40 /* GenreFilter.storyboard */; };
		02041EEF23C7905700833B40 /* GenreFilterTableViewController.swift in Sources */ = {isa = PBXBuildFile; fileRef = 02041EEE23C7905700833B40 /* GenreFilterTableViewController.swift */; };
		020DBCC123C63A5F0062E4CE /* AppDelegate.swift in Sources */ = {isa = PBXBuildFile; fileRef = 020DBCC023C63A5F0062E4CE /* AppDelegate.swift */; };
		020DBCC823C63A5F0062E4CE /* GameSearch.storyboard in Resources */ = {isa = PBXBuildFile; fileRef = 020DBCC623C63A5F0062E4CE /* GameSearch.storyboard */; };
		020DBCCA23C63A610062E4CE /* Assets.xcassets in Resources */ = {isa = PBXBuildFile; fileRef = 020DBCC923C63A610062E4CE /* Assets.xcassets */; };
		020DBCCD23C63A610062E4CE /* LaunchScreen.storyboard in Resources */ = {isa = PBXBuildFile; fileRef = 020DBCCB23C63A610062E4CE /* LaunchScreen.storyboard */; };
		020DBCDC23C63C120062E4CE /* GameResult.swift in Sources */ = {isa = PBXBuildFile; fileRef = 020DBCDB23C63C120062E4CE /* GameResult.swift */; };
		020DBCDE23C63FBA0062E4CE /* GameDetails.swift in Sources */ = {isa = PBXBuildFile; fileRef = 020DBCDD23C63FBA0062E4CE /* GameDetails.swift */; };
		020DBCE023C642560062E4CE /* Platform.swift in Sources */ = {isa = PBXBuildFile; fileRef = 020DBCDF23C642560062E4CE /* Platform.swift */; };
		020DBCE223C6429E0062E4CE /* Genre.swift in Sources */ = {isa = PBXBuildFile; fileRef = 020DBCE123C6429E0062E4CE /* Genre.swift */; };
		020DBCE423C642E30062E4CE /* Tag.swift in Sources */ = {isa = PBXBuildFile; fileRef = 020DBCE323C642E30062E4CE /* Tag.swift */; };
		020DBCEF23C645EC0062E4CE /* Clip.swift in Sources */ = {isa = PBXBuildFile; fileRef = 020DBCEE23C645EC0062E4CE /* Clip.swift */; };
		020DBCF123C647610062E4CE /* GameSearchTableViewController.swift in Sources */ = {isa = PBXBuildFile; fileRef = 020DBCF023C647610062E4CE /* GameSearchTableViewController.swift */; };
		020DBCF423C648F20062E4CE /* GameTableViewCell.swift in Sources */ = {isa = PBXBuildFile; fileRef = 020DBCF323C648F20062E4CE /* GameTableViewCell.swift */; };
		020DBCF623C64BBB0062E4CE /* GameSearchViewModel.swift in Sources */ = {isa = PBXBuildFile; fileRef = 020DBCF523C64BBB0062E4CE /* GameSearchViewModel.swift */; };
		020DBCF923C64C870062E4CE /* GameSampleNetworking.swift in Sources */ = {isa = PBXBuildFile; fileRef = 020DBCF823C64C870062E4CE /* GameSampleNetworking.swift */; };
		02517BF523C8B03800059F02 /* GenreFilterViewModel.swift in Sources */ = {isa = PBXBuildFile; fileRef = 02517BF423C8B03800059F02 /* GenreFilterViewModel.swift */; };
		02517BF723C8B04C00059F02 /* GenreFilterNetworking.swift in Sources */ = {isa = PBXBuildFile; fileRef = 02517BF623C8B04C00059F02 /* GenreFilterNetworking.swift */; };
		02517BF923C8B18500059F02 /* GenreList.swift in Sources */ = {isa = PBXBuildFile; fileRef = 02517BF823C8B18500059F02 /* GenreList.swift */; };
		02517BFC23C8DB3B00059F02 /* GenreTableViewCell.swift in Sources */ = {isa = PBXBuildFile; fileRef = 02517BFB23C8DB3B00059F02 /* GenreTableViewCell.swift */; };
		028622A223C78245004C6F78 /* TabBarViewController.swift in Sources */ = {isa = PBXBuildFile; fileRef = 028622A123C78245004C6F78 /* TabBarViewController.swift */; };
		02909FA023C78A00008512A2 /* TabBar.storyboard in Resources */ = {isa = PBXBuildFile; fileRef = 02909F9F23C78A00008512A2 /* TabBar.storyboard */; };
		EF3634953FC9C6FF9E48F1E9 /* Pods_GameDB.framework in Frameworks */ = {isa = PBXBuildFile; fileRef = C3C1CB236F409C7130C03338 /* Pods_GameDB.framework */; };
/* End PBXBuildFile section */

/* Begin PBXFileReference section */
		02041EE623C78FA000833B40 /* GameDetailTableViewController.swift */ = {isa = PBXFileReference; lastKnownFileType = sourcecode.swift; name = GameDetailTableViewController.swift; path = GameDB/Scenes/TabBar/View/GameDetailTableViewController.swift; sourceTree = SOURCE_ROOT; };
		02041EEC23C7901D00833B40 /* GenreFilter.storyboard */ = {isa = PBXFileReference; lastKnownFileType = file.storyboard; path = GenreFilter.storyboard; sourceTree = "<group>"; };
		02041EEE23C7905700833B40 /* GenreFilterTableViewController.swift */ = {isa = PBXFileReference; lastKnownFileType = sourcecode.swift; path = GenreFilterTableViewController.swift; sourceTree = "<group>"; };
		020DBCBD23C63A5E0062E4CE /* GameDB.app */ = {isa = PBXFileReference; explicitFileType = wrapper.application; includeInIndex = 0; path = GameDB.app; sourceTree = BUILT_PRODUCTS_DIR; };
		020DBCC023C63A5F0062E4CE /* AppDelegate.swift */ = {isa = PBXFileReference; lastKnownFileType = sourcecode.swift; path = AppDelegate.swift; sourceTree = "<group>"; };
		020DBCC723C63A5F0062E4CE /* Base */ = {isa = PBXFileReference; lastKnownFileType = file.storyboard; name = Base; path = Base.lproj/GameSearch.storyboard; sourceTree = "<group>"; };
		020DBCC923C63A610062E4CE /* Assets.xcassets */ = {isa = PBXFileReference; lastKnownFileType = folder.assetcatalog; path = Assets.xcassets; sourceTree = "<group>"; };
		020DBCCC23C63A610062E4CE /* Base */ = {isa = PBXFileReference; lastKnownFileType = file.storyboard; name = Base; path = Base.lproj/LaunchScreen.storyboard; sourceTree = "<group>"; };
		020DBCCE23C63A610062E4CE /* Info.plist */ = {isa = PBXFileReference; lastKnownFileType = text.plist.xml; path = Info.plist; sourceTree = "<group>"; };
		020DBCDB23C63C120062E4CE /* GameResult.swift */ = {isa = PBXFileReference; lastKnownFileType = sourcecode.swift; path = GameResult.swift; sourceTree = "<group>"; };
		020DBCDD23C63FBA0062E4CE /* GameDetails.swift */ = {isa = PBXFileReference; lastKnownFileType = sourcecode.swift; path = GameDetails.swift; sourceTree = "<group>"; };
		020DBCDF23C642560062E4CE /* Platform.swift */ = {isa = PBXFileReference; lastKnownFileType = sourcecode.swift; path = Platform.swift; sourceTree = "<group>"; };
		020DBCE123C6429E0062E4CE /* Genre.swift */ = {isa = PBXFileReference; lastKnownFileType = sourcecode.swift; path = Genre.swift; sourceTree = "<group>"; };
		020DBCE323C642E30062E4CE /* Tag.swift */ = {isa = PBXFileReference; lastKnownFileType = sourcecode.swift; path = Tag.swift; sourceTree = "<group>"; };
		020DBCEE23C645EC0062E4CE /* Clip.swift */ = {isa = PBXFileReference; lastKnownFileType = sourcecode.swift; path = Clip.swift; sourceTree = "<group>"; };
		020DBCF023C647610062E4CE /* GameSearchTableViewController.swift */ = {isa = PBXFileReference; lastKnownFileType = sourcecode.swift; path = GameSearchTableViewController.swift; sourceTree = "<group>"; };
		020DBCF323C648F20062E4CE /* GameTableViewCell.swift */ = {isa = PBXFileReference; lastKnownFileType = sourcecode.swift; path = GameTableViewCell.swift; sourceTree = "<group>"; };
		020DBCF523C64BBB0062E4CE /* GameSearchViewModel.swift */ = {isa = PBXFileReference; lastKnownFileType = sourcecode.swift; path = GameSearchViewModel.swift; sourceTree = "<group>"; };
		020DBCF823C64C870062E4CE /* GameSampleNetworking.swift */ = {isa = PBXFileReference; lastKnownFileType = sourcecode.swift; path = GameSampleNetworking.swift; sourceTree = "<group>"; };
		02517BF423C8B03800059F02 /* GenreFilterViewModel.swift */ = {isa = PBXFileReference; lastKnownFileType = sourcecode.swift; path = GenreFilterViewModel.swift; sourceTree = "<group>"; };
		02517BF623C8B04C00059F02 /* GenreFilterNetworking.swift */ = {isa = PBXFileReference; lastKnownFileType = sourcecode.swift; name = GenreFilterNetworking.swift; path = GameDB/Scenes/GenreFilter/ViewModel/GenreFilterNetworking.swift; sourceTree = SOURCE_ROOT; };
		02517BF823C8B18500059F02 /* GenreList.swift */ = {isa = PBXFileReference; lastKnownFileType = sourcecode.swift; path = GenreList.swift; sourceTree = "<group>"; };
		02517BFB23C8DB3B00059F02 /* GenreTableViewCell.swift */ = {isa = PBXFileReference; lastKnownFileType = sourcecode.swift; path = GenreTableViewCell.swift; sourceTree = "<group>"; };
		028622A123C78245004C6F78 /* TabBarViewController.swift */ = {isa = PBXFileReference; lastKnownFileType = sourcecode.swift; path = TabBarViewController.swift; sourceTree = "<group>"; };
		02909F9F23C78A00008512A2 /* TabBar.storyboard */ = {isa = PBXFileReference; lastKnownFileType = file.storyboard; path = TabBar.storyboard; sourceTree = "<group>"; };
		489D1F0C3C4F1116569EE5B9 /* Pods-GameDB.release.xcconfig */ = {isa = PBXFileReference; includeInIndex = 1; lastKnownFileType = text.xcconfig; name = "Pods-GameDB.release.xcconfig"; path = "Target Support Files/Pods-GameDB/Pods-GameDB.release.xcconfig"; sourceTree = "<group>"; };
		B96814FC7057FBCF985CE7FE /* Pods-GameDB.debug.xcconfig */ = {isa = PBXFileReference; includeInIndex = 1; lastKnownFileType = text.xcconfig; name = "Pods-GameDB.debug.xcconfig"; path = "Target Support Files/Pods-GameDB/Pods-GameDB.debug.xcconfig"; sourceTree = "<group>"; };
		C3C1CB236F409C7130C03338 /* Pods_GameDB.framework */ = {isa = PBXFileReference; explicitFileType = wrapper.framework; includeInIndex = 0; path = Pods_GameDB.framework; sourceTree = BUILT_PRODUCTS_DIR; };
/* End PBXFileReference section */

/* Begin PBXFrameworksBuildPhase section */
		020DBCBA23C63A5E0062E4CE /* Frameworks */ = {
			isa = PBXFrameworksBuildPhase;
			buildActionMask = 2147483647;
			files = (
				EF3634953FC9C6FF9E48F1E9 /* Pods_GameDB.framework in Frameworks */,
			);
			runOnlyForDeploymentPostprocessing = 0;
		};
/* End PBXFrameworksBuildPhase section */

/* Begin PBXGroup section */
		02041EE823C78FE100833B40 /* GenreFilter */ = {
			isa = PBXGroup;
			children = (
				02041EEA23C78FFA00833B40 /* Controller */,
				02517BF223C8B00900059F02 /* Model */,
				02041EEB23C7900E00833B40 /* Networking */,
				02041EE923C78FF600833B40 /* View */,
				02517BF323C8B01B00059F02 /* ViewModel */,
			);
			path = GenreFilter;
			sourceTree = "<group>";
		};
		02041EE923C78FF600833B40 /* View */ = {
			isa = PBXGroup;
			children = (
				02517BFA23C8DB1B00059F02 /* Cell */,
				02041EEC23C7901D00833B40 /* GenreFilter.storyboard */,
			);
			path = View;
			sourceTree = "<group>";
		};
		02041EEA23C78FFA00833B40 /* Controller */ = {
			isa = PBXGroup;
			children = (
				02041EEE23C7905700833B40 /* GenreFilterTableViewController.swift */,
			);
			path = Controller;
			sourceTree = "<group>";
		};
		02041EEB23C7900E00833B40 /* Networking */ = {
			isa = PBXGroup;
			children = (
				02517BF623C8B04C00059F02 /* GenreFilterNetworking.swift */,
			);
			path = Networking;
			sourceTree = "<group>";
		};
		020DBCB423C63A5E0062E4CE = {
			isa = PBXGroup;
			children = (
				020DBCBF23C63A5E0062E4CE /* GameDB */,
				020DBCBE23C63A5E0062E4CE /* Products */,
				BE93851582D3D08E2632E391 /* Pods */,
				A5345A189589ACCB092D821A /* Frameworks */,
			);
			sourceTree = "<group>";
		};
		020DBCBE23C63A5E0062E4CE /* Products */ = {
			isa = PBXGroup;
			children = (
				020DBCBD23C63A5E0062E4CE /* GameDB.app */,
			);
			name = Products;
			sourceTree = "<group>";
		};
		020DBCBF23C63A5E0062E4CE /* GameDB */ = {
			isa = PBXGroup;
			children = (
				020DBCD923C63B3A0062E4CE /* Application */,
				020DBCDA23C63B560062E4CE /* Resources */,
				020DBCE523C6434E0062E4CE /* Model */,
				020DBCD423C63AC60062E4CE /* Scenes */,
				020DBCCB23C63A610062E4CE /* LaunchScreen.storyboard */,
			);
			path = GameDB;
			sourceTree = "<group>";
		};
		020DBCD423C63AC60062E4CE /* Scenes */ = {
			isa = PBXGroup;
			children = (
				020DBCE723C643E60062E4CE /* GameDetail */,
				020DBCE623C643890062E4CE /* GameSearch */,
				02041EE823C78FE100833B40 /* GenreFilter */,
				02909F9C23C78992008512A2 /* TabBar */,
			);
			path = Scenes;
			sourceTree = "<group>";
		};
		020DBCD523C63AF40062E4CE /* View */ = {
			isa = PBXGroup;
			children = (
				020DBCF223C648B70062E4CE /* Cell */,
				020DBCC623C63A5F0062E4CE /* GameSearch.storyboard */,
			);
			path = View;
			sourceTree = "<group>";
		};
		020DBCD623C63B120062E4CE /* ViewModel */ = {
			isa = PBXGroup;
			children = (
				020DBCF523C64BBB0062E4CE /* GameSearchViewModel.swift */,
			);
			path = ViewModel;
			sourceTree = "<group>";
		};
		020DBCD723C63B1B0062E4CE /* Model */ = {
			isa = PBXGroup;
			children = (
				020DBCDB23C63C120062E4CE /* GameResult.swift */,
			);
			path = Model;
			sourceTree = "<group>";
		};
		020DBCD823C63B1F0062E4CE /* Controller */ = {
			isa = PBXGroup;
			children = (
				020DBCF023C647610062E4CE /* GameSearchTableViewController.swift */,
			);
			path = Controller;
			sourceTree = "<group>";
		};
		020DBCD923C63B3A0062E4CE /* Application */ = {
			isa = PBXGroup;
			children = (
				020DBCC023C63A5F0062E4CE /* AppDelegate.swift */,
				020DBCCE23C63A610062E4CE /* Info.plist */,
			);
			path = Application;
			sourceTree = "<group>";
		};
		020DBCDA23C63B560062E4CE /* Resources */ = {
			isa = PBXGroup;
			children = (
				020DBCC923C63A610062E4CE /* Assets.xcassets */,
			);
			path = Resources;
			sourceTree = "<group>";
		};
		020DBCE523C6434E0062E4CE /* Model */ = {
			isa = PBXGroup;
			children = (
				020DBCDF23C642560062E4CE /* Platform.swift */,
				020DBCE123C6429E0062E4CE /* Genre.swift */,
				020DBCE323C642E30062E4CE /* Tag.swift */,
				020DBCEE23C645EC0062E4CE /* Clip.swift */,
			);
			path = Model;
			sourceTree = "<group>";
		};
		020DBCE623C643890062E4CE /* GameSearch */ = {
			isa = PBXGroup;
			children = (
				020DBCF723C64C7E0062E4CE /* Networking */,
				020DBCD823C63B1F0062E4CE /* Controller */,
				020DBCD723C63B1B0062E4CE /* Model */,
				020DBCD623C63B120062E4CE /* ViewModel */,
				020DBCD523C63AF40062E4CE /* View */,
			);
			path = GameSearch;
			sourceTree = "<group>";
		};
		020DBCE723C643E60062E4CE /* GameDetail */ = {
			isa = PBXGroup;
			children = (
				020DBCEC23C644160062E4CE /* Controller */,
				020DBCE923C644160062E4CE /* Model */,
				020DBCEA23C644160062E4CE /* ViewModel */,
				020DBCEB23C644160062E4CE /* View */,
			);
			path = GameDetail;
			sourceTree = "<group>";
		};
		020DBCE923C644160062E4CE /* Model */ = {
			isa = PBXGroup;
			children = (
				020DBCDD23C63FBA0062E4CE /* GameDetails.swift */,
			);
			path = Model;
			sourceTree = "<group>";
		};
		020DBCEA23C644160062E4CE /* ViewModel */ = {
			isa = PBXGroup;
			children = (
			);
			path = ViewModel;
			sourceTree = "<group>";
		};
		020DBCEB23C644160062E4CE /* View */ = {
			isa = PBXGroup;
			children = (
			);
			path = View;
			sourceTree = "<group>";
		};
		020DBCEC23C644160062E4CE /* Controller */ = {
			isa = PBXGroup;
			children = (
				02041EE623C78FA000833B40 /* GameDetailTableViewController.swift */,
			);
			path = Controller;
			sourceTree = "<group>";
		};
		020DBCF223C648B70062E4CE /* Cell */ = {
			isa = PBXGroup;
			children = (
				020DBCF323C648F20062E4CE /* GameTableViewCell.swift */,
			);
			path = Cell;
			sourceTree = "<group>";
		};
		020DBCF723C64C7E0062E4CE /* Networking */ = {
			isa = PBXGroup;
			children = (
				020DBCF823C64C870062E4CE /* GameSampleNetworking.swift */,
			);
			path = Networking;
			sourceTree = "<group>";
		};
		02517BF223C8B00900059F02 /* Model */ = {
			isa = PBXGroup;
			children = (
				02517BF823C8B18500059F02 /* GenreList.swift */,
			);
			path = Model;
			sourceTree = "<group>";
		};
		02517BF323C8B01B00059F02 /* ViewModel */ = {
			isa = PBXGroup;
			children = (
				02517BF423C8B03800059F02 /* GenreFilterViewModel.swift */,
			);
			path = ViewModel;
			sourceTree = "<group>";
		};
		02517BFA23C8DB1B00059F02 /* Cell */ = {
			isa = PBXGroup;
			children = (
				02517BFB23C8DB3B00059F02 /* GenreTableViewCell.swift */,
			);
			path = Cell;
			sourceTree = "<group>";
		};
		028622A023C781FD004C6F78 /* Controller */ = {
			isa = PBXGroup;
			children = (
				028622A123C78245004C6F78 /* TabBarViewController.swift */,
			);
			path = Controller;
			sourceTree = "<group>";
		};
		02909F9C23C78992008512A2 /* TabBar */ = {
			isa = PBXGroup;
			children = (
				02909F9D23C789EB008512A2 /* View */,
				028622A023C781FD004C6F78 /* Controller */,
			);
			path = TabBar;
			sourceTree = "<group>";
		};
		02909F9D23C789EB008512A2 /* View */ = {
			isa = PBXGroup;
			children = (
				02909F9F23C78A00008512A2 /* TabBar.storyboard */,
			);
			path = View;
			sourceTree = "<group>";
		};
		A5345A189589ACCB092D821A /* Frameworks */ = {
			isa = PBXGroup;
			children = (
				C3C1CB236F409C7130C03338 /* Pods_GameDB.framework */,
			);
			name = Frameworks;
			sourceTree = "<group>";
		};
		BE93851582D3D08E2632E391 /* Pods */ = {
			isa = PBXGroup;
			children = (
				B96814FC7057FBCF985CE7FE /* Pods-GameDB.debug.xcconfig */,
				489D1F0C3C4F1116569EE5B9 /* Pods-GameDB.release.xcconfig */,
			);
			path = Pods;
			sourceTree = "<group>";
		};
/* End PBXGroup section */

/* Begin PBXNativeTarget section */
		020DBCBC23C63A5E0062E4CE /* GameDB */ = {
			isa = PBXNativeTarget;
			buildConfigurationList = 020DBCD123C63A610062E4CE /* Build configuration list for PBXNativeTarget "GameDB" */;
			buildPhases = (
				9C81492E98A1B83B0696AAE6 /* [CP] Check Pods Manifest.lock */,
				020DBCB923C63A5E0062E4CE /* Sources */,
				020DBCBA23C63A5E0062E4CE /* Frameworks */,
				020DBCBB23C63A5E0062E4CE /* Resources */,
				511885FB762AFCAB768B2013 /* [CP] Embed Pods Frameworks */,
			);
			buildRules = (
			);
			dependencies = (
			);
			name = GameDB;
			productName = GameDB;
			productReference = 020DBCBD23C63A5E0062E4CE /* GameDB.app */;
			productType = "com.apple.product-type.application";
		};
/* End PBXNativeTarget section */

/* Begin PBXProject section */
		020DBCB523C63A5E0062E4CE /* Project object */ = {
			isa = PBXProject;
			attributes = {
				LastSwiftUpdateCheck = 1130;
				LastUpgradeCheck = 1130;
				ORGANIZATIONNAME = "Pedro Ullmann";
				TargetAttributes = {
					020DBCBC23C63A5E0062E4CE = {
						CreatedOnToolsVersion = 11.3;
					};
				};
			};
			buildConfigurationList = 020DBCB823C63A5E0062E4CE /* Build configuration list for PBXProject "GameDB" */;
			compatibilityVersion = "Xcode 9.3";
			developmentRegion = en;
			hasScannedForEncodings = 0;
			knownRegions = (
				en,
				Base,
			);
			mainGroup = 020DBCB423C63A5E0062E4CE;
			productRefGroup = 020DBCBE23C63A5E0062E4CE /* Products */;
			projectDirPath = "";
			projectRoot = "";
			targets = (
				020DBCBC23C63A5E0062E4CE /* GameDB */,
			);
		};
/* End PBXProject section */

/* Begin PBXResourcesBuildPhase section */
		020DBCBB23C63A5E0062E4CE /* Resources */ = {
			isa = PBXResourcesBuildPhase;
			buildActionMask = 2147483647;
			files = (
				02041EED23C7901D00833B40 /* GenreFilter.storyboard in Resources */,
				02909FA023C78A00008512A2 /* TabBar.storyboard in Resources */,
				020DBCCD23C63A610062E4CE /* LaunchScreen.storyboard in Resources */,
				020DBCCA23C63A610062E4CE /* Assets.xcassets in Resources */,
				020DBCC823C63A5F0062E4CE /* GameSearch.storyboard in Resources */,
			);
			runOnlyForDeploymentPostprocessing = 0;
		};
/* End PBXResourcesBuildPhase section */

/* Begin PBXShellScriptBuildPhase section */
		511885FB762AFCAB768B2013 /* [CP] Embed Pods Frameworks */ = {
			isa = PBXShellScriptBuildPhase;
			buildActionMask = 2147483647;
			files = (
			);
			inputFileListPaths = (
				"${PODS_ROOT}/Target Support Files/Pods-GameDB/Pods-GameDB-frameworks-${CONFIGURATION}-input-files.xcfilelist",
			);
			name = "[CP] Embed Pods Frameworks";
			outputFileListPaths = (
				"${PODS_ROOT}/Target Support Files/Pods-GameDB/Pods-GameDB-frameworks-${CONFIGURATION}-output-files.xcfilelist",
			);
			runOnlyForDeploymentPostprocessing = 0;
			shellPath = /bin/sh;
			shellScript = "\"${PODS_ROOT}/Target Support Files/Pods-GameDB/Pods-GameDB-frameworks.sh\"\n";
			showEnvVarsInLog = 0;
		};
		9C81492E98A1B83B0696AAE6 /* [CP] Check Pods Manifest.lock */ = {
			isa = PBXShellScriptBuildPhase;
			buildActionMask = 2147483647;
			files = (
			);
			inputFileListPaths = (
			);
			inputPaths = (
				"${PODS_PODFILE_DIR_PATH}/Podfile.lock",
				"${PODS_ROOT}/Manifest.lock",
			);
			name = "[CP] Check Pods Manifest.lock";
			outputFileListPaths = (
			);
			outputPaths = (
				"$(DERIVED_FILE_DIR)/Pods-GameDB-checkManifestLockResult.txt",
			);
			runOnlyForDeploymentPostprocessing = 0;
			shellPath = /bin/sh;
			shellScript = "diff \"${PODS_PODFILE_DIR_PATH}/Podfile.lock\" \"${PODS_ROOT}/Manifest.lock\" > /dev/null\nif [ $? != 0 ] ; then\n    # print error to STDERR\n    echo \"error: The sandbox is not in sync with the Podfile.lock. Run 'pod install' or update your CocoaPods installation.\" >&2\n    exit 1\nfi\n# This output is used by Xcode 'outputs' to avoid re-running this script phase.\necho \"SUCCESS\" > \"${SCRIPT_OUTPUT_FILE_0}\"\n";
			showEnvVarsInLog = 0;
		};
/* End PBXShellScriptBuildPhase section */

/* Begin PBXSourcesBuildPhase section */
		020DBCB923C63A5E0062E4CE /* Sources */ = {
			isa = PBXSourcesBuildPhase;
			buildActionMask = 2147483647;
			files = (
				028622A223C78245004C6F78 /* TabBarViewController.swift in Sources */,
				020DBCF623C64BBB0062E4CE /* GameSearchViewModel.swift in Sources */,
				020DBCE023C642560062E4CE /* Platform.swift in Sources */,
				020DBCE423C642E30062E4CE /* Tag.swift in Sources */,
				020DBCF423C648F20062E4CE /* GameTableViewCell.swift in Sources */,
				02517BF723C8B04C00059F02 /* GenreFilterNetworking.swift in Sources */,
				020DBCDC23C63C120062E4CE /* GameResult.swift in Sources */,
				020DBCE223C6429E0062E4CE /* Genre.swift in Sources */,
				020DBCEF23C645EC0062E4CE /* Clip.swift in Sources */,
				02517BF923C8B18500059F02 /* GenreList.swift in Sources */,
				020DBCF923C64C870062E4CE /* GameSampleNetworking.swift in Sources */,
				020DBCF123C647610062E4CE /* GameSearchTableViewController.swift in Sources */,
				02517BF523C8B03800059F02 /* GenreFilterViewModel.swift in Sources */,
				020DBCC123C63A5F0062E4CE /* AppDelegate.swift in Sources */,
				02041EEF23C7905700833B40 /* GenreFilterTableViewController.swift in Sources */,
				020DBCDE23C63FBA0062E4CE /* GameDetails.swift in Sources */,
				02041EE723C78FA000833B40 /* GameDetailTableViewController.swift in Sources */,
				02517BFC23C8DB3B00059F02 /* GenreTableViewCell.swift in Sources */,
			);
			runOnlyForDeploymentPostprocessing = 0;
		};
/* End PBXSourcesBuildPhase section */

/* Begin PBXVariantGroup section */
		020DBCC623C63A5F0062E4CE /* GameSearch.storyboard */ = {
			isa = PBXVariantGroup;
			children = (
				020DBCC723C63A5F0062E4CE /* Base */,
			);
			name = GameSearch.storyboard;
			sourceTree = "<group>";
		};
		020DBCCB23C63A610062E4CE /* LaunchScreen.storyboard */ = {
			isa = PBXVariantGroup;
			children = (
				020DBCCC23C63A610062E4CE /* Base */,
			);
			name = LaunchScreen.storyboard;
			sourceTree = "<group>";
		};
/* End PBXVariantGroup section */

/* Begin XCBuildConfiguration section */
		020DBCCF23C63A610062E4CE /* Debug */ = {
			isa = XCBuildConfiguration;
			buildSettings = {
				ALWAYS_SEARCH_USER_PATHS = NO;
				CLANG_ANALYZER_NONNULL = YES;
				CLANG_ANALYZER_NUMBER_OBJECT_CONVERSION = YES_AGGRESSIVE;
				CLANG_CXX_LANGUAGE_STANDARD = "gnu++14";
				CLANG_CXX_LIBRARY = "libc++";
				CLANG_ENABLE_MODULES = YES;
				CLANG_ENABLE_OBJC_ARC = YES;
				CLANG_ENABLE_OBJC_WEAK = YES;
				CLANG_WARN_BLOCK_CAPTURE_AUTORELEASING = YES;
				CLANG_WARN_BOOL_CONVERSION = YES;
				CLANG_WARN_COMMA = YES;
				CLANG_WARN_CONSTANT_CONVERSION = YES;
				CLANG_WARN_DEPRECATED_OBJC_IMPLEMENTATIONS = YES;
				CLANG_WARN_DIRECT_OBJC_ISA_USAGE = YES_ERROR;
				CLANG_WARN_DOCUMENTATION_COMMENTS = YES;
				CLANG_WARN_EMPTY_BODY = YES;
				CLANG_WARN_ENUM_CONVERSION = YES;
				CLANG_WARN_INFINITE_RECURSION = YES;
				CLANG_WARN_INT_CONVERSION = YES;
				CLANG_WARN_NON_LITERAL_NULL_CONVERSION = YES;
				CLANG_WARN_OBJC_IMPLICIT_RETAIN_SELF = YES;
				CLANG_WARN_OBJC_LITERAL_CONVERSION = YES;
				CLANG_WARN_OBJC_ROOT_CLASS = YES_ERROR;
				CLANG_WARN_RANGE_LOOP_ANALYSIS = YES;
				CLANG_WARN_STRICT_PROTOTYPES = YES;
				CLANG_WARN_SUSPICIOUS_MOVE = YES;
				CLANG_WARN_UNGUARDED_AVAILABILITY = YES_AGGRESSIVE;
				CLANG_WARN_UNREACHABLE_CODE = YES;
				CLANG_WARN__DUPLICATE_METHOD_MATCH = YES;
				COPY_PHASE_STRIP = NO;
				DEBUG_INFORMATION_FORMAT = dwarf;
				ENABLE_STRICT_OBJC_MSGSEND = YES;
				ENABLE_TESTABILITY = YES;
				GCC_C_LANGUAGE_STANDARD = gnu11;
				GCC_DYNAMIC_NO_PIC = NO;
				GCC_NO_COMMON_BLOCKS = YES;
				GCC_OPTIMIZATION_LEVEL = 0;
				GCC_PREPROCESSOR_DEFINITIONS = (
					"DEBUG=1",
					"$(inherited)",
				);
				GCC_WARN_64_TO_32_BIT_CONVERSION = YES;
				GCC_WARN_ABOUT_RETURN_TYPE = YES_ERROR;
				GCC_WARN_UNDECLARED_SELECTOR = YES;
				GCC_WARN_UNINITIALIZED_AUTOS = YES_AGGRESSIVE;
				GCC_WARN_UNUSED_FUNCTION = YES;
				GCC_WARN_UNUSED_VARIABLE = YES;
				IPHONEOS_DEPLOYMENT_TARGET = 13.2;
				MTL_ENABLE_DEBUG_INFO = INCLUDE_SOURCE;
				MTL_FAST_MATH = YES;
				ONLY_ACTIVE_ARCH = YES;
				SDKROOT = iphoneos;
				SWIFT_ACTIVE_COMPILATION_CONDITIONS = DEBUG;
				SWIFT_OPTIMIZATION_LEVEL = "-Onone";
			};
			name = Debug;
		};
		020DBCD023C63A610062E4CE /* Release */ = {
			isa = XCBuildConfiguration;
			buildSettings = {
				ALWAYS_SEARCH_USER_PATHS = NO;
				CLANG_ANALYZER_NONNULL = YES;
				CLANG_ANALYZER_NUMBER_OBJECT_CONVERSION = YES_AGGRESSIVE;
				CLANG_CXX_LANGUAGE_STANDARD = "gnu++14";
				CLANG_CXX_LIBRARY = "libc++";
				CLANG_ENABLE_MODULES = YES;
				CLANG_ENABLE_OBJC_ARC = YES;
				CLANG_ENABLE_OBJC_WEAK = YES;
				CLANG_WARN_BLOCK_CAPTURE_AUTORELEASING = YES;
				CLANG_WARN_BOOL_CONVERSION = YES;
				CLANG_WARN_COMMA = YES;
				CLANG_WARN_CONSTANT_CONVERSION = YES;
				CLANG_WARN_DEPRECATED_OBJC_IMPLEMENTATIONS = YES;
				CLANG_WARN_DIRECT_OBJC_ISA_USAGE = YES_ERROR;
				CLANG_WARN_DOCUMENTATION_COMMENTS = YES;
				CLANG_WARN_EMPTY_BODY = YES;
				CLANG_WARN_ENUM_CONVERSION = YES;
				CLANG_WARN_INFINITE_RECURSION = YES;
				CLANG_WARN_INT_CONVERSION = YES;
				CLANG_WARN_NON_LITERAL_NULL_CONVERSION = YES;
				CLANG_WARN_OBJC_IMPLICIT_RETAIN_SELF = YES;
				CLANG_WARN_OBJC_LITERAL_CONVERSION = YES;
				CLANG_WARN_OBJC_ROOT_CLASS = YES_ERROR;
				CLANG_WARN_RANGE_LOOP_ANALYSIS = YES;
				CLANG_WARN_STRICT_PROTOTYPES = YES;
				CLANG_WARN_SUSPICIOUS_MOVE = YES;
				CLANG_WARN_UNGUARDED_AVAILABILITY = YES_AGGRESSIVE;
				CLANG_WARN_UNREACHABLE_CODE = YES;
				CLANG_WARN__DUPLICATE_METHOD_MATCH = YES;
				COPY_PHASE_STRIP = NO;
				DEBUG_INFORMATION_FORMAT = "dwarf-with-dsym";
				ENABLE_NS_ASSERTIONS = NO;
				ENABLE_STRICT_OBJC_MSGSEND = YES;
				GCC_C_LANGUAGE_STANDARD = gnu11;
				GCC_NO_COMMON_BLOCKS = YES;
				GCC_WARN_64_TO_32_BIT_CONVERSION = YES;
				GCC_WARN_ABOUT_RETURN_TYPE = YES_ERROR;
				GCC_WARN_UNDECLARED_SELECTOR = YES;
				GCC_WARN_UNINITIALIZED_AUTOS = YES_AGGRESSIVE;
				GCC_WARN_UNUSED_FUNCTION = YES;
				GCC_WARN_UNUSED_VARIABLE = YES;
				IPHONEOS_DEPLOYMENT_TARGET = 13.2;
				MTL_ENABLE_DEBUG_INFO = NO;
				MTL_FAST_MATH = YES;
				SDKROOT = iphoneos;
				SWIFT_COMPILATION_MODE = wholemodule;
				SWIFT_OPTIMIZATION_LEVEL = "-O";
				VALIDATE_PRODUCT = YES;
			};
			name = Release;
		};
		020DBCD223C63A610062E4CE /* Debug */ = {
			isa = XCBuildConfiguration;
			baseConfigurationReference = B96814FC7057FBCF985CE7FE /* Pods-GameDB.debug.xcconfig */;
			buildSettings = {
				ASSETCATALOG_COMPILER_APPICON_NAME = AppIcon;
				CODE_SIGN_STYLE = Automatic;
				INFOPLIST_FILE = GameDB/Application/Info.plist;
				LD_RUNPATH_SEARCH_PATHS = (
					"$(inherited)",
					"@executable_path/Frameworks",
				);
				PRODUCT_BUNDLE_IDENTIFIER = com.pedroullmann.GameDB;
				PRODUCT_NAME = "$(TARGET_NAME)";
				SWIFT_VERSION = 5.0;
				TARGETED_DEVICE_FAMILY = 1;
			};
			name = Debug;
		};
		020DBCD323C63A610062E4CE /* Release */ = {
			isa = XCBuildConfiguration;
			baseConfigurationReference = 489D1F0C3C4F1116569EE5B9 /* Pods-GameDB.release.xcconfig */;
			buildSettings = {
				ASSETCATALOG_COMPILER_APPICON_NAME = AppIcon;
				CODE_SIGN_STYLE = Automatic;
				INFOPLIST_FILE = GameDB/Application/Info.plist;
				LD_RUNPATH_SEARCH_PATHS = (
					"$(inherited)",
					"@executable_path/Frameworks",
				);
				PRODUCT_BUNDLE_IDENTIFIER = com.pedroullmann.GameDB;
				PRODUCT_NAME = "$(TARGET_NAME)";
				SWIFT_VERSION = 5.0;
				TARGETED_DEVICE_FAMILY = 1;
			};
			name = Release;
		};
/* End XCBuildConfiguration section */

/* Begin XCConfigurationList section */
		020DBCB823C63A5E0062E4CE /* Build configuration list for PBXProject "GameDB" */ = {
			isa = XCConfigurationList;
			buildConfigurations = (
				020DBCCF23C63A610062E4CE /* Debug */,
				020DBCD023C63A610062E4CE /* Release */,
			);
			defaultConfigurationIsVisible = 0;
			defaultConfigurationName = Release;
		};
		020DBCD123C63A610062E4CE /* Build configuration list for PBXNativeTarget "GameDB" */ = {
			isa = XCConfigurationList;
			buildConfigurations = (
				020DBCD223C63A610062E4CE /* Debug */,
				020DBCD323C63A610062E4CE /* Release */,
			);
			defaultConfigurationIsVisible = 0;
			defaultConfigurationName = Release;
		};
/* End XCConfigurationList section */
	};
	rootObject = 020DBCB523C63A5E0062E4CE /* Project object */;
}
